
Microsoft Visual Studio Solution File, Format Version 12.00
# Visual Studio 15
VisualStudioVersion = 15.0.27428.2027
MinimumVisualStudioVersion = 10.0.40219.1
Project("{FAE04EC0-301F-11D3-BF4B-00C04F79EFBC}") = "ProductsSync", "ProductsSync\ProductsSync.csproj", "{F70B8B92-8A44-4130-A4DB-5A0C0BD2D4DB}"
EndProject
Project("{FAE04EC0-301F-11D3-BF4B-00C04F79EFBC}") = "ProductsAsync", "ProductsAsync\ProductsAsync.csproj", "{6E2D3312-7761-4E68-890B-683E7C626097}"
EndProject
Project("{FAE04EC0-301F-11D3-BF4B-00C04F79EFBC}") = "ProductsShared", "ProductsShared\ProductsShared.csproj", "{D79D64C2-AEE7-4EE7-8E3D-046E8D143E20}"
EndProject
Global
	GlobalSection(SolutionConfigurationPlatforms) = preSolution
		Debug|Any CPU = Debug|Any CPU
		Release|Any CPU = Release|Any CPU
	EndGlobalSection
	GlobalSection(ProjectConfigurationPlatforms) = postSolution
		{F70B8B92-8A44-4130-A4DB-5A0C0BD2D4DB}.Debug|Any CPU.ActiveCfg = Debug|Any CPU
		{F70B8B92-8A44-4130-A4DB-5A0C0BD2D4DB}.Debug|Any CPU.Build.0 = Debug|Any CPU
		{F70B8B92-8A44-4130-A4DB-5A0C0BD2D4DB}.Release|Any CPU.ActiveCfg = Release|Any CPU
		{F70B8B92-8A44-4130-A4DB-5A0C0BD2D4DB}.Release|Any CPU.Build.0 = Release|Any CPU
		{6E2D3312-7761-4E68-890B-683E7C626097}.Debug|Any CPU.ActiveCfg = Debug|Any CPU
		{6E2D3312-7761-4E68-890B-683E7C626097}.Debug|Any CPU.Build.0 = Debug|Any CPU
		{6E2D3312-7761-4E68-890B-683E7C626097}.Release|Any CPU.ActiveCfg = Release|Any CPU
		{6E2D3312-7761-4E68-890B-683E7C626097}.Release|Any CPU.Build.0 = Release|Any CPU
		{D79D64C2-AEE7-4EE7-8E3D-046E8D143E20}.Debug|Any CPU.ActiveCfg = Debug|Any CPU
		{D79D64C2-AEE7-4EE7-8E3D-046E8D143E20}.Debug|Any CPU.Build.0 = Debug|Any CPU
		{D79D64C2-AEE7-4EE7-8E3D-046E8D143E20}.Release|Any CPU.ActiveCfg = Release|Any CPU
		{D79D64C2-AEE7-4EE7-8E3D-046E8D143E20}.Release|Any CPU.Build.0 = Release|Any CPU
	EndGlobalSection
	GlobalSection(SolutionProperties) = preSolution
		HideSolutionNode = FALSE
	EndGlobalSection
	GlobalSection(ExtensibilityGlobals) = postSolution
		SolutionGuid = {B998091A-A057-42E9-AB5D-2E447BCE7367}
	EndGlobalSection
EndGlobal
